
Microsoft Visual Studio Solution File, Format Version 12.00
# Visual Studio Version 16
VisualStudioVersion = 25.0.1706.7
MinimumVisualStudioVersion = 10.0.40219.1
Project("{FAE04EC0-301F-11D3-BF4B-00C04F79EFBC}") = "TaskProject", "TaskProject.csproj", "{988BFC24-E44B-45A4-9441-D5BD36E61CBD}"
EndProject
Global
	GlobalSection(SolutionConfigurationPlatforms) = preSolution
		Debug|Any CPU = Debug|Any CPU
		Release|Any CPU = Release|Any CPU
	EndGlobalSection
	GlobalSection(ProjectConfigurationPlatforms) = postSolution
		{988BFC24-E44B-45A4-9441-D5BD36E61CBD}.Debug|Any CPU.ActiveCfg = Debug|Any CPU
		{988BFC24-E44B-45A4-9441-D5BD36E61CBD}.Debug|Any CPU.Build.0 = Debug|Any CPU
		{988BFC24-E44B-45A4-9441-D5BD36E61CBD}.Release|Any CPU.ActiveCfg = Release|Any CPU
		{988BFC24-E44B-45A4-9441-D5BD36E61CBD}.Release|Any CPU.Build.0 = Release|Any CPU
	EndGlobalSection
	GlobalSection(SolutionProperties) = preSolution
		HideSolutionNode = FALSE
	EndGlobalSection
	GlobalSection(ExtensibilityGlobals) = postSolution
		SolutionGuid = {8D2C5D23-EF57-4357-9A41-75BF5EE33B30}
	EndGlobalSection
EndGlobal
